
Microsoft Visual Studio Solution File, Format Version 12.00
# Visual Studio Version 17
VisualStudioVersion = 17.1.32319.34
MinimumVisualStudioVersion = 10.0.40219.1
Project("{FAE04EC0-301F-11D3-BF4B-00C04F79EFBC}") = "SIMULACION-TP1-V1.0.1", "SIMULACION-TP1-V1.0.1.csproj", "{DA26C605-5651-45B2-AAD0-C3A59AEAA2C7}"
EndProject
Global
	GlobalSection(SolutionConfigurationPlatforms) = preSolution
		Debug|Any CPU = Debug|Any CPU
		Release|Any CPU = Release|Any CPU
	EndGlobalSection
	GlobalSection(ProjectConfigurationPlatforms) = postSolution
		{DA26C605-5651-45B2-AAD0-C3A59AEAA2C7}.Debug|Any CPU.ActiveCfg = Debug|Any CPU
		{DA26C605-5651-45B2-AAD0-C3A59AEAA2C7}.Debug|Any CPU.Build.0 = Debug|Any CPU
		{DA26C605-5651-45B2-AAD0-C3A59AEAA2C7}.Release|Any CPU.ActiveCfg = Release|Any CPU
		{DA26C605-5651-45B2-AAD0-C3A59AEAA2C7}.Release|Any CPU.Build.0 = Release|Any CPU
	EndGlobalSection
	GlobalSection(SolutionProperties) = preSolution
		HideSolutionNode = FALSE
	EndGlobalSection
	GlobalSection(ExtensibilityGlobals) = postSolution
		SolutionGuid = {21282D51-4670-4357-83BA-696146FC8CC3}
	EndGlobalSection
EndGlobal
